
Microsoft Visual Studio Solution File, Format Version 12.00
# Visual Studio Version 17
VisualStudioVersion = 17.6.33829.357
MinimumVisualStudioVersion = 10.0.40219.1
Project("{FAE04EC0-301F-11D3-BF4B-00C04F79EFBC}") = "MetaTagAnalyzerSolution", "MetaTagAnalyzerSolution\MetaTagAnalyzerSolution.csproj", "{02738D65-2A83-43B6-9E82-C2DA216708D1}"
EndProject
Global
	GlobalSection(SolutionConfigurationPlatforms) = preSolution
		Debug|Any CPU = Debug|Any CPU
		Release|Any CPU = Release|Any CPU
	EndGlobalSection
	GlobalSection(ProjectConfigurationPlatforms) = postSolution
		{02738D65-2A83-43B6-9E82-C2DA216708D1}.Debug|Any CPU.ActiveCfg = Debug|Any CPU
		{02738D65-2A83-43B6-9E82-C2DA216708D1}.Debug|Any CPU.Build.0 = Debug|Any CPU
		{02738D65-2A83-43B6-9E82-C2DA216708D1}.Release|Any CPU.ActiveCfg = Release|Any CPU
		{02738D65-2A83-43B6-9E82-C2DA216708D1}.Release|Any CPU.Build.0 = Release|Any CPU
	EndGlobalSection
	GlobalSection(SolutionProperties) = preSolution
		HideSolutionNode = FALSE
	EndGlobalSection
	GlobalSection(ExtensibilityGlobals) = postSolution
		SolutionGuid = {53F506B7-1AF6-4A34-B95C-23754554F92F}
	EndGlobalSection
EndGlobal
